// !$*UTF8*$!
{
	archiveVersion = 1;
	classes = {
	};
	objectVersion = 77;
	objects = {

/* Begin PBXBuildFile section */
		06B4CFF65BC396238337701D /* EstimatedBytesTests.swift in Sources */ = {isa = PBXBuildFile; fileRef = 3A5C22029DA1ED5DE73BC5F2 /* EstimatedBytesTests.swift */; };
		1C9C724AC72AC25C4BF95E8B /* TimeframeMatcherTests.swift in Sources */ = {isa = PBXBuildFile; fileRef = 9804611F798C4FF030BA0A4F /* TimeframeMatcherTests.swift */; };
		48BC0882EFAAD11B98D551AA /* Foundation.framework in Frameworks */ = {isa = PBXBuildFile; fileRef = 7529FF913DFB60AB7774A9D6 /* Foundation.framework */; };
		573E50FB2F1559EB00FFABC4 /* RevenueCat in Frameworks */ = {isa = PBXBuildFile; productRef = 573E50FA2F1559EB00FFABC4 /* RevenueCat */; };
		573E50FD2F1559EB00FFABC4 /* RevenueCatUI in Frameworks */ = {isa = PBXBuildFile; productRef = 573E50FC2F1559EB00FFABC4 /* RevenueCatUI */; };
		5EFE897AFA75856A70E84789 /* EndToEndTests.swift in Sources */ = {isa = PBXBuildFile; fileRef = 8FA745788371130DA97EE8E0 /* EndToEndTests.swift */; };
		7B9A91ADC5E748EE821A332B /* SeenPhotosServiceTests.swift in Sources */ = {isa = PBXBuildFile; fileRef = 8133177CFEC0794796D51F9F /* SeenPhotosServiceTests.swift */; };
		AD0F23D73E8600DA3B04C59E /* PruneUITests.swift in Sources */ = {isa = PBXBuildFile; fileRef = 81F57F103E759A9760AE9568 /* PruneUITests.swift */; };
		B24751FD547DD5DD7A008A29 /* ScreenshotTests.swift in Sources */ = {isa = PBXBuildFile; fileRef = A5B0CB0C95398E8AFD6435F5 /* ScreenshotTests.swift */; };
		E67E9E786F0AC7AC3451191E /* SwipeGateServiceTests.swift in Sources */ = {isa = PBXBuildFile; fileRef = 51604047B0C982FEA6FFFA17 /* SwipeGateServiceTests.swift */; };
		F33A9BACA50568BF0C80C842 /* Foundation.framework in Frameworks */ = {isa = PBXBuildFile; fileRef = 7529FF913DFB60AB7774A9D6 /* Foundation.framework */; };
/* End PBXBuildFile section */

/* Begin PBXContainerItemProxy section */
		007098AA047F26D3792A9BE7 /* PBXContainerItemProxy */ = {
			isa = PBXContainerItemProxy;
			containerPortal = 573E507D2F14105B00FFABC4 /* Project object */;
			proxyType = 1;
			remoteGlobalIDString = 573E50842F14105B00FFABC4;
			remoteInfo = Prune;
		};
		7D1A4CD22487CD556743BFF9 /* PBXContainerItemProxy */ = {
			isa = PBXContainerItemProxy;
			containerPortal = 573E507D2F14105B00FFABC4 /* Project object */;
			proxyType = 1;
			remoteGlobalIDString = 573E50842F14105B00FFABC4;
			remoteInfo = Prune;
		};
/* End PBXContainerItemProxy section */

/* Begin PBXFileReference section */
		3A5C22029DA1ED5DE73BC5F2 /* EstimatedBytesTests.swift */ = {isa = PBXFileReference; includeInIndex = 1; lastKnownFileType = sourcecode.swift; path = EstimatedBytesTests.swift; sourceTree = "<group>"; };
		51604047B0C982FEA6FFFA17 /* SwipeGateServiceTests.swift */ = {isa = PBXFileReference; includeInIndex = 1; lastKnownFileType = sourcecode.swift; path = SwipeGateServiceTests.swift; sourceTree = "<group>"; };
		573E50852F14105B00FFABC4 /* Prune.app */ = {isa = PBXFileReference; explicitFileType = wrapper.application; includeInIndex = 0; path = Prune.app; sourceTree = BUILT_PRODUCTS_DIR; };
		6B1C0318508E5289469D0367 /* PruneTests.xctest */ = {isa = PBXFileReference; explicitFileType = wrapper.cfbundle; includeInIndex = 0; path = PruneTests.xctest; sourceTree = BUILT_PRODUCTS_DIR; };
		7529FF913DFB60AB7774A9D6 /* Foundation.framework */ = {isa = PBXFileReference; lastKnownFileType = wrapper.framework; name = Foundation.framework; path = Platforms/iPhoneOS.platform/Developer/SDKs/iPhoneOS18.0.sdk/System/Library/Frameworks/Foundation.framework; sourceTree = DEVELOPER_DIR; };
		770FB337CE0E61379C5EC8D8 /* PruneUITests.xctest */ = {isa = PBXFileReference; explicitFileType = wrapper.cfbundle; includeInIndex = 0; path = PruneUITests.xctest; sourceTree = BUILT_PRODUCTS_DIR; };
		8133177CFEC0794796D51F9F /* SeenPhotosServiceTests.swift */ = {isa = PBXFileReference; includeInIndex = 1; lastKnownFileType = sourcecode.swift; path = SeenPhotosServiceTests.swift; sourceTree = "<group>"; };
		81F57F103E759A9760AE9568 /* PruneUITests.swift */ = {isa = PBXFileReference; includeInIndex = 1; lastKnownFileType = sourcecode.swift; path = PruneUITests.swift; sourceTree = "<group>"; };
		8FA745788371130DA97EE8E0 /* EndToEndTests.swift */ = {isa = PBXFileReference; includeInIndex = 1; lastKnownFileType = sourcecode.swift; path = EndToEndTests.swift; sourceTree = "<group>"; };
		9804611F798C4FF030BA0A4F /* TimeframeMatcherTests.swift */ = {isa = PBXFileReference; includeInIndex = 1; lastKnownFileType = sourcecode.swift; path = TimeframeMatcherTests.swift; sourceTree = "<group>"; };
		A5B0CB0C95398E8AFD6435F5 /* ScreenshotTests.swift */ = {isa = PBXFileReference; includeInIndex = 1; lastKnownFileType = sourcecode.swift; path = ScreenshotTests.swift; sourceTree = "<group>"; };
/* End PBXFileReference section */

/* Begin PBXFileSystemSynchronizedBuildFileExceptionSet section */
		573E50B02F1412F300FFABC4 /* Exceptions for "Prune" folder in "Prune" target */ = {
			isa = PBXFileSystemSynchronizedBuildFileExceptionSet;
			membershipExceptions = (
				Info.plist,
			);
			target = 573E50842F14105B00FFABC4 /* Prune */;
		};
/* End PBXFileSystemSynchronizedBuildFileExceptionSet section */

/* Begin PBXFileSystemSynchronizedRootGroup section */
		573E50872F14105B00FFABC4 /* Prune */ = {
			isa = PBXFileSystemSynchronizedRootGroup;
			exceptions = (
				573E50B02F1412F300FFABC4 /* Exceptions for "Prune" folder in "Prune" target */,
			);
			path = Prune;
			sourceTree = "<group>";
		};
/* End PBXFileSystemSynchronizedRootGroup section */

/* Begin PBXFrameworksBuildPhase section */
		573E50822F14105B00FFABC4 /* Frameworks */ = {
			isa = PBXFrameworksBuildPhase;
			buildActionMask = 2147483647;
			files = (
				573E50FD2F1559EB00FFABC4 /* RevenueCatUI in Frameworks */,
				573E50FB2F1559EB00FFABC4 /* RevenueCat in Frameworks */,
			);
			runOnlyForDeploymentPostprocessing = 0;
		};
		6BBC3D3CB0A297A93479D775 /* Frameworks */ = {
			isa = PBXFrameworksBuildPhase;
			buildActionMask = 2147483647;
			files = (
				F33A9BACA50568BF0C80C842 /* Foundation.framework in Frameworks */,
			);
			runOnlyForDeploymentPostprocessing = 0;
		};
		E340CC86806997545DEFA103 /* Frameworks */ = {
			isa = PBXFrameworksBuildPhase;
			buildActionMask = 2147483647;
			files = (
				48BC0882EFAAD11B98D551AA /* Foundation.framework in Frameworks */,
			);
			runOnlyForDeploymentPostprocessing = 0;
		};
/* End PBXFrameworksBuildPhase section */

/* Begin PBXGroup section */
		37C8B19CB049F514C11D59C6 /* Frameworks */ = {
			isa = PBXGroup;
			children = (
				D3590136DAC34042AE917957 /* iOS */,
			);
			name = Frameworks;
			sourceTree = "<group>";
		};
		3A4DDFA4FF66F405208B8CE3 /* PruneTests */ = {
			isa = PBXGroup;
			children = (
				8133177CFEC0794796D51F9F /* SeenPhotosServiceTests.swift */,
				3A5C22029DA1ED5DE73BC5F2 /* EstimatedBytesTests.swift */,
				9804611F798C4FF030BA0A4F /* TimeframeMatcherTests.swift */,
				51604047B0C982FEA6FFFA17 /* SwipeGateServiceTests.swift */,
			);
			name = PruneTests;
			path = PruneTests;
			sourceTree = "<group>";
		};
		573E507C2F14105B00FFABC4 = {
			isa = PBXGroup;
			children = (
				573E50872F14105B00FFABC4 /* Prune */,
				573E50862F14105B00FFABC4 /* Products */,
				37C8B19CB049F514C11D59C6 /* Frameworks */,
				3A4DDFA4FF66F405208B8CE3 /* PruneTests */,
				ED0A495B5E81F552E690E8E2 /* PruneUITests */,
			);
			sourceTree = "<group>";
		};
		573E50862F14105B00FFABC4 /* Products */ = {
			isa = PBXGroup;
			children = (
				573E50852F14105B00FFABC4 /* Prune.app */,
				6B1C0318508E5289469D0367 /* PruneTests.xctest */,
				770FB337CE0E61379C5EC8D8 /* PruneUITests.xctest */,
			);
			name = Products;
			sourceTree = "<group>";
		};
		D3590136DAC34042AE917957 /* iOS */ = {
			isa = PBXGroup;
			children = (
				7529FF913DFB60AB7774A9D6 /* Foundation.framework */,
			);
			name = iOS;
			sourceTree = "<group>";
		};
		ED0A495B5E81F552E690E8E2 /* PruneUITests */ = {
			isa = PBXGroup;
			children = (
				81F57F103E759A9760AE9568 /* PruneUITests.swift */,
				8FA745788371130DA97EE8E0 /* EndToEndTests.swift */,
				A5B0CB0C95398E8AFD6435F5 /* ScreenshotTests.swift */,
			);
			name = PruneUITests;
			path = PruneUITests;
			sourceTree = "<group>";
		};
/* End PBXGroup section */

/* Begin PBXNativeTarget section */
		26B916ACF03FCDEAD3B458DC /* PruneTests */ = {
			isa = PBXNativeTarget;
			buildConfigurationList = 8CD9CEC26F42F0CCCBB15DAB /* Build configuration list for PBXNativeTarget "PruneTests" */;
			buildPhases = (
				AED388B462AFDDBA1931FD3F /* Sources */,
				6BBC3D3CB0A297A93479D775 /* Frameworks */,
				12082D8A0A82A13DC9EE4045 /* Resources */,
			);
			buildRules = (
			);
			dependencies = (
				68F2FA005FD4EE9EA875C3A6 /* PBXTargetDependency */,
			);
			name = PruneTests;
			productName = PruneTests;
			productReference = 6B1C0318508E5289469D0367 /* PruneTests.xctest */;
			productType = "com.apple.product-type.bundle.unit-test";
		};
		5650A26C75D47C103FB53225 /* PruneUITests */ = {
			isa = PBXNativeTarget;
			buildConfigurationList = 2AA67F1D600DA07CAC900C08 /* Build configuration list for PBXNativeTarget "PruneUITests" */;
			buildPhases = (
				90937FDC1D8F8AC0BCA33B5F /* Sources */,
				E340CC86806997545DEFA103 /* Frameworks */,
				D516200629BD387E3C038F1E /* Resources */,
			);
			buildRules = (
			);
			dependencies = (
				A517D2540E5CAD65A9722FDB /* PBXTargetDependency */,
			);
			name = PruneUITests;
			productName = PruneUITests;
			productReference = 770FB337CE0E61379C5EC8D8 /* PruneUITests.xctest */;
			productType = "com.apple.product-type.bundle.ui-testing";
		};
		573E50842F14105B00FFABC4 /* Prune */ = {
			isa = PBXNativeTarget;
			buildConfigurationList = 573E50902F14105D00FFABC4 /* Build configuration list for PBXNativeTarget "Prune" */;
			buildPhases = (
				41FD7B0EE5974C6AFC1B4EBD /* Guard: Block test IDs in Release */,
				573E50812F14105B00FFABC4 /* Sources */,
				573E50822F14105B00FFABC4 /* Frameworks */,
				573E50832F14105B00FFABC4 /* Resources */,
			);
			buildRules = (
			);
			dependencies = (
			);
			fileSystemSynchronizedGroups = (
				573E50872F14105B00FFABC4 /* Prune */,
			);
			name = Prune;
			packageProductDependencies = (
				573E50FA2F1559EB00FFABC4 /* RevenueCat */,
				573E50FC2F1559EB00FFABC4 /* RevenueCatUI */,
			);
			productName = Prune;
			productReference = 573E50852F14105B00FFABC4 /* Prune.app */;
			productType = "com.apple.product-type.application";
		};
/* End PBXNativeTarget section */

/* Begin PBXProject section */
		573E507D2F14105B00FFABC4 /* Project object */ = {
			isa = PBXProject;
			attributes = {
				BuildIndependentTargetsInParallel = 1;
				LastSwiftUpdateCheck = 2610;
				LastUpgradeCheck = 2610;
				TargetAttributes = {
					573E50842F14105B00FFABC4 = {
						CreatedOnToolsVersion = 26.1.1;
					};
				};
			};
			buildConfigurationList = 573E50802F14105B00FFABC4 /* Build configuration list for PBXProject "Prune" */;
			developmentRegion = en;
			hasScannedForEncodings = 0;
			knownRegions = (
				en,
				Base,
			);
			mainGroup = 573E507C2F14105B00FFABC4;
			minimizedProjectReferenceProxies = 1;
			packageReferences = (
				573E50F92F1559EB00FFABC4 /* XCRemoteSwiftPackageReference "purchases-ios-spm" */,
			);
			preferredProjectObjectVersion = 77;
			productRefGroup = 573E50862F14105B00FFABC4 /* Products */;
			projectDirPath = "";
			projectRoot = "";
			targets = (
				573E50842F14105B00FFABC4 /* Prune */,
				26B916ACF03FCDEAD3B458DC /* PruneTests */,
				5650A26C75D47C103FB53225 /* PruneUITests */,
			);
		};
/* End PBXProject section */

/* Begin PBXResourcesBuildPhase section */
		12082D8A0A82A13DC9EE4045 /* Resources */ = {
			isa = PBXResourcesBuildPhase;
			buildActionMask = 2147483647;
			files = (
			);
			runOnlyForDeploymentPostprocessing = 0;
		};
		573E50832F14105B00FFABC4 /* Resources */ = {
			isa = PBXResourcesBuildPhase;
			buildActionMask = 2147483647;
			files = (
			);
			runOnlyForDeploymentPostprocessing = 0;
		};
		D516200629BD387E3C038F1E /* Resources */ = {
			isa = PBXResourcesBuildPhase;
			buildActionMask = 2147483647;
			files = (
			);
			runOnlyForDeploymentPostprocessing = 0;
		};
/* End PBXResourcesBuildPhase section */

/* Begin PBXShellScriptBuildPhase section */
		41FD7B0EE5974C6AFC1B4EBD /* Guard: Block test IDs in Release */ = {
			isa = PBXShellScriptBuildPhase;
			alwaysOutOfDate = 1;
			buildActionMask = 2147483647;
			files = (
			);
			inputFileListPaths = (
			);
			inputPaths = (
				"$(SRCROOT)/Prune/App/AppConfig.swift",
			);
			name = "Guard: Block test IDs in Release";
			outputFileListPaths = (
			);
			outputPaths = (
			);
			runOnlyForDeploymentPostprocessing = 0;
			shellPath = /bin/sh;
			shellScript = "# Fail Release builds that still contain the RevenueCat sandbox API key.\nif [ \"$CONFIGURATION\" != \"Release\" ]; then\n  exit 0\nfi\n\nCFG=\"${SRCROOT}/Prune/App/AppConfig.swift\"\n\nif grep -q \"test_vUZXRnxlzkFvRNLCafoRXltXvgC\" \"$CFG\" 2>/dev/null; then\n  echo \"error: AppConfig.swift still contains RevenueCat sandbox API key. Replace with production public key before Release.\" >&2\n  exit 1\nfi\n\necho \"Release guard passed.\"\n";
		};
/* End PBXShellScriptBuildPhase section */

/* Begin PBXSourcesBuildPhase section */
		573E50812F14105B00FFABC4 /* Sources */ = {
			isa = PBXSourcesBuildPhase;
			buildActionMask = 2147483647;
			files = (
			);
			runOnlyForDeploymentPostprocessing = 0;
		};
		90937FDC1D8F8AC0BCA33B5F /* Sources */ = {
			isa = PBXSourcesBuildPhase;
			buildActionMask = 2147483647;
			files = (
				AD0F23D73E8600DA3B04C59E /* PruneUITests.swift in Sources */,
				5EFE897AFA75856A70E84789 /* EndToEndTests.swift in Sources */,
				B24751FD547DD5DD7A008A29 /* ScreenshotTests.swift in Sources */,
			);
			runOnlyForDeploymentPostprocessing = 0;
		};
		AED388B462AFDDBA1931FD3F /* Sources */ = {
			isa = PBXSourcesBuildPhase;
			buildActionMask = 2147483647;
			files = (
				7B9A91ADC5E748EE821A332B /* SeenPhotosServiceTests.swift in Sources */,
				06B4CFF65BC396238337701D /* EstimatedBytesTests.swift in Sources */,
				1C9C724AC72AC25C4BF95E8B /* TimeframeMatcherTests.swift in Sources */,
				E67E9E786F0AC7AC3451191E /* SwipeGateServiceTests.swift in Sources */,
			);
			runOnlyForDeploymentPostprocessing = 0;
		};
/* End PBXSourcesBuildPhase section */

/* Begin PBXTargetDependency section */
		68F2FA005FD4EE9EA875C3A6 /* PBXTargetDependency */ = {
			isa = PBXTargetDependency;
			name = Prune;
			target = 573E50842F14105B00FFABC4 /* Prune */;
			targetProxy = 7D1A4CD22487CD556743BFF9 /* PBXContainerItemProxy */;
		};
		A517D2540E5CAD65A9722FDB /* PBXTargetDependency */ = {
			isa = PBXTargetDependency;
			name = Prune;
			target = 573E50842F14105B00FFABC4 /* Prune */;
			targetProxy = 007098AA047F26D3792A9BE7 /* PBXContainerItemProxy */;
		};
/* End PBXTargetDependency section */

/* Begin XCBuildConfiguration section */
		4332266DC93F338B5CDF3CBD /* Debug */ = {
			isa = XCBuildConfiguration;
			buildSettings = {
				BUNDLE_LOADER = "$(TEST_HOST)";
				CLANG_ENABLE_OBJC_WEAK = NO;
				CODE_SIGN_STYLE = Automatic;
				DEVELOPMENT_TEAM = CAYXPWAU93;
				GENERATE_INFOPLIST_FILE = YES;
				IPHONEOS_DEPLOYMENT_TARGET = 17.0;
				PRODUCT_BUNDLE_IDENTIFIER = com.isotropicstudios.PruneTests;
				PRODUCT_MODULE_NAME = PruneTests;
				PRODUCT_NAME = "$(TARGET_NAME)";
				SDKROOT = iphoneos;
				SUPPORTED_PLATFORMS = "iphoneos iphonesimulator";
				SWIFT_EMIT_LOC_STRINGS = NO;
				SWIFT_VERSION = 5.0;
				TARGETED_DEVICE_FAMILY = "1,2";
				TEST_HOST = "$(BUILT_PRODUCTS_DIR)/Prune.app/$(BUNDLE_EXECUTABLE_FOLDER_PATH)/Prune";
			};
			name = Debug;
		};
		573E508E2F14105D00FFABC4 /* Debug */ = {
			isa = XCBuildConfiguration;
			buildSettings = {
				ALWAYS_SEARCH_USER_PATHS = NO;
				ASSETCATALOG_COMPILER_GENERATE_SWIFT_ASSET_SYMBOL_EXTENSIONS = YES;
				CLANG_ANALYZER_NONNULL = YES;
				CLANG_ANALYZER_NUMBER_OBJECT_CONVERSION = YES_AGGRESSIVE;
				CLANG_CXX_LANGUAGE_STANDARD = "gnu++20";
				CLANG_ENABLE_MODULES = YES;
				CLANG_ENABLE_OBJC_ARC = YES;
				CLANG_ENABLE_OBJC_WEAK = YES;
				CLANG_WARN_BLOCK_CAPTURE_AUTORELEASING = YES;
				CLANG_WARN_BOOL_CONVERSION = YES;
				CLANG_WARN_COMMA = YES;
				CLANG_WARN_CONSTANT_CONVERSION = YES;
				CLANG_WARN_DEPRECATED_OBJC_IMPLEMENTATIONS = YES;
				CLANG_WARN_DIRECT_OBJC_ISA_USAGE = YES_ERROR;
				CLANG_WARN_DOCUMENTATION_COMMENTS = YES;
				CLANG_WARN_EMPTY_BODY = YES;
				CLANG_WARN_ENUM_CONVERSION = YES;
				CLANG_WARN_INFINITE_RECURSION = YES;
				CLANG_WARN_INT_CONVERSION = YES;
				CLANG_WARN_NON_LITERAL_NULL_CONVERSION = YES;
				CLANG_WARN_OBJC_IMPLICIT_RETAIN_SELF = YES;
				CLANG_WARN_OBJC_LITERAL_CONVERSION = YES;
				CLANG_WARN_OBJC_ROOT_CLASS = YES_ERROR;
				CLANG_WARN_QUOTED_INCLUDE_IN_FRAMEWORK_HEADER = YES;
				CLANG_WARN_RANGE_LOOP_ANALYSIS = YES;
				CLANG_WARN_STRICT_PROTOTYPES = YES;
				CLANG_WARN_SUSPICIOUS_MOVE = YES;
				CLANG_WARN_UNGUARDED_AVAILABILITY = YES_AGGRESSIVE;
				CLANG_WARN_UNREACHABLE_CODE = YES;
				CLANG_WARN__DUPLICATE_METHOD_MATCH = YES;
				COPY_PHASE_STRIP = NO;
				DEBUG_INFORMATION_FORMAT = dwarf;
				DEVELOPMENT_TEAM = CAYXPWAU93;
				ENABLE_STRICT_OBJC_MSGSEND = YES;
				ENABLE_TESTABILITY = YES;
				ENABLE_USER_SCRIPT_SANDBOXING = YES;
				GCC_C_LANGUAGE_STANDARD = gnu17;
				GCC_DYNAMIC_NO_PIC = NO;
				GCC_NO_COMMON_BLOCKS = YES;
				GCC_OPTIMIZATION_LEVEL = 0;
				GCC_PREPROCESSOR_DEFINITIONS = (
					"DEBUG=1",
					"$(inherited)",
				);
				GCC_WARN_64_TO_32_BIT_CONVERSION = YES;
				GCC_WARN_ABOUT_RETURN_TYPE = YES_ERROR;
				GCC_WARN_UNDECLARED_SELECTOR = YES;
				GCC_WARN_UNINITIALIZED_AUTOS = YES_AGGRESSIVE;
				GCC_WARN_UNUSED_FUNCTION = YES;
				GCC_WARN_UNUSED_VARIABLE = YES;
				LOCALIZATION_PREFERS_STRING_CATALOGS = YES;
				MTL_ENABLE_DEBUG_INFO = INCLUDE_SOURCE;
				MTL_FAST_MATH = YES;
				ONLY_ACTIVE_ARCH = YES;
				SWIFT_ACTIVE_COMPILATION_CONDITIONS = "DEBUG $(inherited)";
				SWIFT_OPTIMIZATION_LEVEL = "-Onone";
			};
			name = Debug;
		};
		573E508F2F14105D00FFABC4 /* Release */ = {
			isa = XCBuildConfiguration;
			buildSettings = {
				ALWAYS_SEARCH_USER_PATHS = NO;
				ASSETCATALOG_COMPILER_GENERATE_SWIFT_ASSET_SYMBOL_EXTENSIONS = YES;
				CLANG_ANALYZER_NONNULL = YES;
				CLANG_ANALYZER_NUMBER_OBJECT_CONVERSION = YES_AGGRESSIVE;
				CLANG_CXX_LANGUAGE_STANDARD = "gnu++20";
				CLANG_ENABLE_MODULES = YES;
				CLANG_ENABLE_OBJC_ARC = YES;
				CLANG_ENABLE_OBJC_WEAK = YES;
				CLANG_WARN_BLOCK_CAPTURE_AUTORELEASING = YES;
				CLANG_WARN_BOOL_CONVERSION = YES;
				CLANG_WARN_COMMA = YES;
				CLANG_WARN_CONSTANT_CONVERSION = YES;
				CLANG_WARN_DEPRECATED_OBJC_IMPLEMENTATIONS = YES;
				CLANG_WARN_DIRECT_OBJC_ISA_USAGE = YES_ERROR;
				CLANG_WARN_DOCUMENTATION_COMMENTS = YES;
				CLANG_WARN_EMPTY_BODY = YES;
				CLANG_WARN_ENUM_CONVERSION = YES;
				CLANG_WARN_INFINITE_RECURSION = YES;
				CLANG_WARN_INT_CONVERSION = YES;
				CLANG_WARN_NON_LITERAL_NULL_CONVERSION = YES;
				CLANG_WARN_OBJC_IMPLICIT_RETAIN_SELF = YES;
				CLANG_WARN_OBJC_LITERAL_CONVERSION = YES;
				CLANG_WARN_OBJC_ROOT_CLASS = YES_ERROR;
				CLANG_WARN_QUOTED_INCLUDE_IN_FRAMEWORK_HEADER = YES;
				CLANG_WARN_RANGE_LOOP_ANALYSIS = YES;
				CLANG_WARN_STRICT_PROTOTYPES = YES;
				CLANG_WARN_SUSPICIOUS_MOVE = YES;
				CLANG_WARN_UNGUARDED_AVAILABILITY = YES_AGGRESSIVE;
				CLANG_WARN_UNREACHABLE_CODE = YES;
				CLANG_WARN__DUPLICATE_METHOD_MATCH = YES;
				COPY_PHASE_STRIP = NO;
				DEBUG_INFORMATION_FORMAT = "dwarf-with-dsym";
				DEVELOPMENT_TEAM = CAYXPWAU93;
				ENABLE_NS_ASSERTIONS = NO;
				ENABLE_STRICT_OBJC_MSGSEND = YES;
				ENABLE_USER_SCRIPT_SANDBOXING = YES;
				GCC_C_LANGUAGE_STANDARD = gnu17;
				GCC_NO_COMMON_BLOCKS = YES;
				GCC_WARN_64_TO_32_BIT_CONVERSION = YES;
				GCC_WARN_ABOUT_RETURN_TYPE = YES_ERROR;
				GCC_WARN_UNDECLARED_SELECTOR = YES;
				GCC_WARN_UNINITIALIZED_AUTOS = YES_AGGRESSIVE;
				GCC_WARN_UNUSED_FUNCTION = YES;
				GCC_WARN_UNUSED_VARIABLE = YES;
				LOCALIZATION_PREFERS_STRING_CATALOGS = YES;
				MTL_ENABLE_DEBUG_INFO = NO;
				MTL_FAST_MATH = YES;
				SWIFT_COMPILATION_MODE = wholemodule;
			};
			name = Release;
		};
		573E50912F14105D00FFABC4 /* Debug */ = {
			isa = XCBuildConfiguration;
			buildSettings = {
				ASSETCATALOG_COMPILER_APPICON_NAME = AppIcon;
				ASSETCATALOG_COMPILER_GLOBAL_ACCENT_COLOR_NAME = AccentColor;
				CODE_SIGN_STYLE = Automatic;
				CURRENT_PROJECT_VERSION = 1;
				DEVELOPMENT_TEAM = CAYXPWAU93;
				ENABLE_PREVIEWS = YES;
				GENERATE_INFOPLIST_FILE = NO;
				INFOPLIST_FILE = Prune/Info.plist;
				"INFOPLIST_KEY_UIApplicationSceneManifest_Generation[sdk=iphoneos*]" = YES;
				"INFOPLIST_KEY_UIApplicationSceneManifest_Generation[sdk=iphonesimulator*]" = YES;
				"INFOPLIST_KEY_UIApplicationSupportsIndirectInputEvents[sdk=iphoneos*]" = YES;
				"INFOPLIST_KEY_UIApplicationSupportsIndirectInputEvents[sdk=iphonesimulator*]" = YES;
				"INFOPLIST_KEY_UILaunchScreen_Generation[sdk=iphoneos*]" = YES;
				"INFOPLIST_KEY_UILaunchScreen_Generation[sdk=iphonesimulator*]" = YES;
				"INFOPLIST_KEY_UIStatusBarStyle[sdk=iphoneos*]" = UIStatusBarStyleDefault;
				"INFOPLIST_KEY_UIStatusBarStyle[sdk=iphonesimulator*]" = UIStatusBarStyleDefault;
				INFOPLIST_KEY_UISupportedInterfaceOrientations_iPad = "UIInterfaceOrientationPortrait UIInterfaceOrientationPortraitUpsideDown UIInterfaceOrientationLandscapeLeft UIInterfaceOrientationLandscapeRight";
				INFOPLIST_KEY_UISupportedInterfaceOrientations_iPhone = "UIInterfaceOrientationPortrait UIInterfaceOrientationLandscapeLeft UIInterfaceOrientationLandscapeRight";
				IPHONEOS_DEPLOYMENT_TARGET = 17.0;
				LD_RUNPATH_SEARCH_PATHS = "@executable_path/Frameworks";
				MARKETING_VERSION = 1.0;
				PRODUCT_BUNDLE_IDENTIFIER = com.isotropicstudios.Prune;
				PRODUCT_NAME = "$(TARGET_NAME)";
				SDKROOT = iphoneos;
				STRING_CATALOG_GENERATE_SYMBOLS = YES;
				SUPPORTED_PLATFORMS = "iphoneos iphonesimulator";
				SWIFT_APPROACHABLE_CONCURRENCY = YES;
				SWIFT_EMIT_LOC_STRINGS = YES;
				SWIFT_UPCOMING_FEATURE_MEMBER_IMPORT_VISIBILITY = YES;
				SWIFT_VERSION = 5.0;
				TARGETED_DEVICE_FAMILY = "1,2";
			};
			name = Debug;
		};
		573E50922F14105D00FFABC4 /* Release */ = {
			isa = XCBuildConfiguration;
			buildSettings = {
				ASSETCATALOG_COMPILER_APPICON_NAME = AppIcon;
				ASSETCATALOG_COMPILER_GLOBAL_ACCENT_COLOR_NAME = AccentColor;
				CODE_SIGN_STYLE = Automatic;
				CURRENT_PROJECT_VERSION = 1;
				DEVELOPMENT_TEAM = CAYXPWAU93;
				ENABLE_PREVIEWS = YES;
				GENERATE_INFOPLIST_FILE = NO;
				INFOPLIST_FILE = Prune/Info.plist;
				"INFOPLIST_KEY_UIApplicationSceneManifest_Generation[sdk=iphoneos*]" = YES;
				"INFOPLIST_KEY_UIApplicationSceneManifest_Generation[sdk=iphonesimulator*]" = YES;
				"INFOPLIST_KEY_UIApplicationSupportsIndirectInputEvents[sdk=iphoneos*]" = YES;
				"INFOPLIST_KEY_UIApplicationSupportsIndirectInputEvents[sdk=iphonesimulator*]" = YES;
				"INFOPLIST_KEY_UILaunchScreen_Generation[sdk=iphoneos*]" = YES;
				"INFOPLIST_KEY_UILaunchScreen_Generation[sdk=iphonesimulator*]" = YES;
				"INFOPLIST_KEY_UIStatusBarStyle[sdk=iphoneos*]" = UIStatusBarStyleDefault;
				"INFOPLIST_KEY_UIStatusBarStyle[sdk=iphonesimulator*]" = UIStatusBarStyleDefault;
				INFOPLIST_KEY_UISupportedInterfaceOrientations_iPad = "UIInterfaceOrientationPortrait UIInterfaceOrientationPortraitUpsideDown UIInterfaceOrientationLandscapeLeft UIInterfaceOrientationLandscapeRight";
				INFOPLIST_KEY_UISupportedInterfaceOrientations_iPhone = "UIInterfaceOrientationPortrait UIInterfaceOrientationLandscapeLeft UIInterfaceOrientationLandscapeRight";
				IPHONEOS_DEPLOYMENT_TARGET = 17.0;
				LD_RUNPATH_SEARCH_PATHS = "@executable_path/Frameworks";
				MARKETING_VERSION = 1.0;
				PRODUCT_BUNDLE_IDENTIFIER = com.isotropicstudios.Prune;
				PRODUCT_NAME = "$(TARGET_NAME)";
				SDKROOT = iphoneos;
				STRING_CATALOG_GENERATE_SYMBOLS = YES;
				SUPPORTED_PLATFORMS = "iphoneos iphonesimulator";
				SWIFT_APPROACHABLE_CONCURRENCY = YES;
				SWIFT_EMIT_LOC_STRINGS = YES;
				SWIFT_UPCOMING_FEATURE_MEMBER_IMPORT_VISIBILITY = YES;
				SWIFT_VERSION = 5.0;
				TARGETED_DEVICE_FAMILY = "1,2";
			};
			name = Release;
		};
		B8359C860392B3F380244D7C /* Debug */ = {
			isa = XCBuildConfiguration;
			buildSettings = {
				CLANG_ENABLE_OBJC_WEAK = NO;
				CODE_SIGN_STYLE = Automatic;
				DEVELOPMENT_TEAM = CAYXPWAU93;
				GENERATE_INFOPLIST_FILE = YES;
				IPHONEOS_DEPLOYMENT_TARGET = 17.0;
				PRODUCT_BUNDLE_IDENTIFIER = com.isotropicstudios.PruneUITests;
				PRODUCT_MODULE_NAME = PruneUITests;
				PRODUCT_NAME = "$(TARGET_NAME)";
				SDKROOT = iphoneos;
				SUPPORTED_PLATFORMS = "iphoneos iphonesimulator";
				SWIFT_EMIT_LOC_STRINGS = NO;
				SWIFT_VERSION = 5.0;
				TARGETED_DEVICE_FAMILY = "1,2";
				TEST_TARGET_NAME = Prune;
			};
			name = Debug;
		};
		C8547EE9747D43E820C32CF0 /* Release */ = {
			isa = XCBuildConfiguration;
			buildSettings = {
				BUNDLE_LOADER = "$(TEST_HOST)";
				CLANG_ENABLE_OBJC_WEAK = NO;
				CODE_SIGN_STYLE = Automatic;
				DEVELOPMENT_TEAM = CAYXPWAU93;
				GENERATE_INFOPLIST_FILE = YES;
				IPHONEOS_DEPLOYMENT_TARGET = 17.0;
				PRODUCT_BUNDLE_IDENTIFIER = com.isotropicstudios.PruneTests;
				PRODUCT_MODULE_NAME = PruneTests;
				PRODUCT_NAME = "$(TARGET_NAME)";
				SDKROOT = iphoneos;
				SUPPORTED_PLATFORMS = "iphoneos iphonesimulator";
				SWIFT_EMIT_LOC_STRINGS = NO;
				SWIFT_VERSION = 5.0;
				TARGETED_DEVICE_FAMILY = "1,2";
				TEST_HOST = "$(BUILT_PRODUCTS_DIR)/Prune.app/$(BUNDLE_EXECUTABLE_FOLDER_PATH)/Prune";
				VALIDATE_PRODUCT = YES;
			};
			name = Release;
		};
		FF0FFF8C1B8E80BB2AF7D73A /* Release */ = {
			isa = XCBuildConfiguration;
			buildSettings = {
				CLANG_ENABLE_OBJC_WEAK = NO;
				CODE_SIGN_STYLE = Automatic;
				DEVELOPMENT_TEAM = CAYXPWAU93;
				GENERATE_INFOPLIST_FILE = YES;
				IPHONEOS_DEPLOYMENT_TARGET = 17.0;
				PRODUCT_BUNDLE_IDENTIFIER = com.isotropicstudios.PruneUITests;
				PRODUCT_MODULE_NAME = PruneUITests;
				PRODUCT_NAME = "$(TARGET_NAME)";
				SDKROOT = iphoneos;
				SUPPORTED_PLATFORMS = "iphoneos iphonesimulator";
				SWIFT_EMIT_LOC_STRINGS = NO;
				SWIFT_VERSION = 5.0;
				TARGETED_DEVICE_FAMILY = "1,2";
				TEST_TARGET_NAME = Prune;
				VALIDATE_PRODUCT = YES;
			};
			name = Release;
		};
/* End XCBuildConfiguration section */

/* Begin XCConfigurationList section */
		2AA67F1D600DA07CAC900C08 /* Build configuration list for PBXNativeTarget "PruneUITests" */ = {
			isa = XCConfigurationList;
			buildConfigurations = (
				FF0FFF8C1B8E80BB2AF7D73A /* Release */,
				B8359C860392B3F380244D7C /* Debug */,
			);
			defaultConfigurationIsVisible = 0;
			defaultConfigurationName = Release;
		};
		573E50802F14105B00FFABC4 /* Build configuration list for PBXProject "Prune" */ = {
			isa = XCConfigurationList;
			buildConfigurations = (
				573E508E2F14105D00FFABC4 /* Debug */,
				573E508F2F14105D00FFABC4 /* Release */,
			);
			defaultConfigurationIsVisible = 0;
			defaultConfigurationName = Release;
		};
		573E50902F14105D00FFABC4 /* Build configuration list for PBXNativeTarget "Prune" */ = {
			isa = XCConfigurationList;
			buildConfigurations = (
				573E50912F14105D00FFABC4 /* Debug */,
				573E50922F14105D00FFABC4 /* Release */,
			);
			defaultConfigurationIsVisible = 0;
			defaultConfigurationName = Release;
		};
		8CD9CEC26F42F0CCCBB15DAB /* Build configuration list for PBXNativeTarget "PruneTests" */ = {
			isa = XCConfigurationList;
			buildConfigurations = (
				C8547EE9747D43E820C32CF0 /* Release */,
				4332266DC93F338B5CDF3CBD /* Debug */,
			);
			defaultConfigurationIsVisible = 0;
			defaultConfigurationName = Release;
		};
/* End XCConfigurationList section */

/* Begin XCRemoteSwiftPackageReference section */
		573E50F92F1559EB00FFABC4 /* XCRemoteSwiftPackageReference "purchases-ios-spm" */ = {
			isa = XCRemoteSwiftPackageReference;
			repositoryURL = "https://github.com/RevenueCat/purchases-ios-spm.git";
			requirement = {
				kind = upToNextMajorVersion;
				minimumVersion = 5.54.0;
			};
		};
/* End XCRemoteSwiftPackageReference section */

/* Begin XCSwiftPackageProductDependency section */
		573E50FA2F1559EB00FFABC4 /* RevenueCat */ = {
			isa = XCSwiftPackageProductDependency;
			package = 573E50F92F1559EB00FFABC4 /* XCRemoteSwiftPackageReference "purchases-ios-spm" */;
			productName = RevenueCat;
		};
		573E50FC2F1559EB00FFABC4 /* RevenueCatUI */ = {
			isa = XCSwiftPackageProductDependency;
			package = 573E50F92F1559EB00FFABC4 /* XCRemoteSwiftPackageReference "purchases-ios-spm" */;
			productName = RevenueCatUI;
		};
/* End XCSwiftPackageProductDependency section */
	};
	rootObject = 573E507D2F14105B00FFABC4 /* Project object */;
}
